
Microsoft Visual Studio Solution File, Format Version 12.00
# Visual Studio Version 16
VisualStudioVersion = 16.0.29503.13
MinimumVisualStudioVersion = 10.0.40219.1
Project("{FAE04EC0-301F-11D3-BF4B-00C04F79EFBC}") = "Payments", "Payments\Payments.csproj", "{93073DE5-63DE-4152-B067-933E5431D65C}"
EndProject
Project("{FAE04EC0-301F-11D3-BF4B-00C04F79EFBC}") = "Payments.Stripe", "Payments.Stripe\Payments.Stripe.csproj", "{BDB234CA-6CD6-4BDB-B7CF-39B08F900B40}"
EndProject
Project("{FAE04EC0-301F-11D3-BF4B-00C04F79EFBC}") = "Payments.Tests", "Payments.Tests\Payments.Tests.csproj", "{6C4DF404-647E-49C2-9E15-0DB7EB2EA476}"
EndProject
Global
	GlobalSection(SolutionConfigurationPlatforms) = preSolution
		Debug|Any CPU = Debug|Any CPU
		Release|Any CPU = Release|Any CPU
	EndGlobalSection
	GlobalSection(ProjectConfigurationPlatforms) = postSolution
		{93073DE5-63DE-4152-B067-933E5431D65C}.Debug|Any CPU.ActiveCfg = Debug|Any CPU
		{93073DE5-63DE-4152-B067-933E5431D65C}.Debug|Any CPU.Build.0 = Debug|Any CPU
		{93073DE5-63DE-4152-B067-933E5431D65C}.Release|Any CPU.ActiveCfg = Release|Any CPU
		{93073DE5-63DE-4152-B067-933E5431D65C}.Release|Any CPU.Build.0 = Release|Any CPU
		{BDB234CA-6CD6-4BDB-B7CF-39B08F900B40}.Debug|Any CPU.ActiveCfg = Debug|Any CPU
		{BDB234CA-6CD6-4BDB-B7CF-39B08F900B40}.Debug|Any CPU.Build.0 = Debug|Any CPU
		{BDB234CA-6CD6-4BDB-B7CF-39B08F900B40}.Release|Any CPU.ActiveCfg = Release|Any CPU
		{BDB234CA-6CD6-4BDB-B7CF-39B08F900B40}.Release|Any CPU.Build.0 = Release|Any CPU
		{6C4DF404-647E-49C2-9E15-0DB7EB2EA476}.Debug|Any CPU.ActiveCfg = Debug|Any CPU
		{6C4DF404-647E-49C2-9E15-0DB7EB2EA476}.Debug|Any CPU.Build.0 = Debug|Any CPU
		{6C4DF404-647E-49C2-9E15-0DB7EB2EA476}.Release|Any CPU.ActiveCfg = Release|Any CPU
		{6C4DF404-647E-49C2-9E15-0DB7EB2EA476}.Release|Any CPU.Build.0 = Release|Any CPU
	EndGlobalSection
	GlobalSection(SolutionProperties) = preSolution
		HideSolutionNode = FALSE
	EndGlobalSection
	GlobalSection(ExtensibilityGlobals) = postSolution
		SolutionGuid = {7E3954D6-CE3C-4AC7-9382-0DAB93EA9D20}
	EndGlobalSection
EndGlobal
